
Microsoft Visual Studio Solution File, Format Version 12.00
# Visual Studio Version 17
VisualStudioVersion = 17.14.36212.18
MinimumVisualStudioVersion = 10.0.40219.1
Project("{FAE04EC0-301F-11D3-BF4B-00C04F79EFBC}") = "StealAllTheCats.API", "StealAllTheCats.API\StealAllTheCats.API.csproj", "{AE312AE1-6755-43B2-B32C-10C9C9E69476}"
EndProject
Project("{FAE04EC0-301F-11D3-BF4B-00C04F79EFBC}") = "StealAllTheCats.Tests", "StealAllTheCats.Tests\StealAllTheCats.Tests.csproj", "{ECEB51F4-B743-448B-B5AE-22A940BD977B}"
EndProject
Global
	GlobalSection(SolutionConfigurationPlatforms) = preSolution
		Debug|Any CPU = Debug|Any CPU
		Release|Any CPU = Release|Any CPU
	EndGlobalSection
	GlobalSection(ProjectConfigurationPlatforms) = postSolution
		{AE312AE1-6755-43B2-B32C-10C9C9E69476}.Debug|Any CPU.ActiveCfg = Debug|Any CPU
		{AE312AE1-6755-43B2-B32C-10C9C9E69476}.Debug|Any CPU.Build.0 = Debug|Any CPU
		{AE312AE1-6755-43B2-B32C-10C9C9E69476}.Release|Any CPU.ActiveCfg = Release|Any CPU
		{AE312AE1-6755-43B2-B32C-10C9C9E69476}.Release|Any CPU.Build.0 = Release|Any CPU
		{ECEB51F4-B743-448B-B5AE-22A940BD977B}.Debug|Any CPU.ActiveCfg = Debug|Any CPU
		{ECEB51F4-B743-448B-B5AE-22A940BD977B}.Debug|Any CPU.Build.0 = Debug|Any CPU
		{ECEB51F4-B743-448B-B5AE-22A940BD977B}.Release|Any CPU.ActiveCfg = Release|Any CPU
		{ECEB51F4-B743-448B-B5AE-22A940BD977B}.Release|Any CPU.Build.0 = Release|Any CPU
	EndGlobalSection
	GlobalSection(SolutionProperties) = preSolution
		HideSolutionNode = FALSE
	EndGlobalSection
	GlobalSection(ExtensibilityGlobals) = postSolution
		SolutionGuid = {98CFFD67-D164-4BF7-AF69-975679B840A4}
	EndGlobalSection
EndGlobal
